// !$*UTF8*$!
{
	archiveVersion = 1;
	classes = {
	};
	objectVersion = 56;
	objects = {

/* Begin PBXBuildFile section */
		1F5792592D7F05DF001637F4 /* AppDelegate.swift in Sources */ = {isa = PBXBuildFile; fileRef = 1F5792582D7F05DF001637F4 /* AppDelegate.swift */; };
		1F57925B2D7F05DF001637F4 /* SceneDelegate.swift in Sources */ = {isa = PBXBuildFile; fileRef = 1F57925A2D7F05DF001637F4 /* SceneDelegate.swift */; };
		1F57925D2D7F05DF001637F4 /* ViewController.swift in Sources */ = {isa = PBXBuildFile; fileRef = 1F57925C2D7F05DF001637F4 /* ViewController.swift */; };
		1F5792602D7F05DF001637F4 /* Main.storyboard in Resources */ = {isa = PBXBuildFile; fileRef = 1F57925E2D7F05DF001637F4 /* Main.storyboard */; };
		1F5792622D7F05E1001637F4 /* Assets.xcassets in Resources */ = {isa = PBXBuildFile; fileRef = 1F5792612D7F05E1001637F4 /* Assets.xcassets */; };
		1F5792652D7F05E1001637F4 /* LaunchScreen.storyboard in Resources */ = {isa = PBXBuildFile; fileRef = 1F5792632D7F05E1001637F4 /* LaunchScreen.storyboard */; };
		1F5792702D7F05E2001637F4 /* AUB_SportsUITests.swift in Sources */ = {isa = PBXBuildFile; fileRef = 1F57926F2D7F05E2001637F4 /* AUB_SportsUITests.swift */; };
		1F57927A2D7F05E2001637F4 /* AUB_SportsUIUITests.swift in Sources */ = {isa = PBXBuildFile; fileRef = 1F5792792D7F05E2001637F4 /* AUB_SportsUIUITests.swift */; };
		1F57927C2D7F05E2001637F4 /* AUB_SportsUIUITestsLaunchTests.swift in Sources */ = {isa = PBXBuildFile; fileRef = 1F57927B2D7F05E2001637F4 /* AUB_SportsUIUITestsLaunchTests.swift */; };
		1F57928B2D7F1125001637F4 /* AUB_MySports in Resources */ = {isa = PBXBuildFile; fileRef = 1F57928A2D7F1125001637F4 /* AUB_MySports */; };
		1F57928D2D7F1288001637F4 /* AUB_MySports in Resources */ = {isa = PBXBuildFile; fileRef = 1F57928C2D7F1288001637F4 /* AUB_MySports */; };
		1F5792952D8017ED001637F4 /* Padel bookins wireframe#1.png in Resources */ = {isa = PBXBuildFile; fileRef = 1F5792942D8017ED001637F4 /* Padel bookins wireframe#1.png */; };
		1F5792972D801810001637F4 /* Padel bookins wireframe#3.png in Resources */ = {isa = PBXBuildFile; fileRef = 1F5792962D801810001637F4 /* Padel bookins wireframe#3.png */; };
		1FC354BD2D80A56C008B0D3F /* Padel bookins wireframe#1a.png in Resources */ = {isa = PBXBuildFile; fileRef = 1FC354BC2D80A56C008B0D3F /* Padel bookins wireframe#1a.png */; };
/* End PBXBuildFile section */

/* Begin PBXContainerItemProxy section */
		1F57926C2D7F05E2001637F4 /* PBXContainerItemProxy */ = {
			isa = PBXContainerItemProxy;
			containerPortal = 1F57924D2D7F05DF001637F4 /* Project object */;
			proxyType = 1;
			remoteGlobalIDString = 1F5792542D7F05DF001637F4;
			remoteInfo = AUB_SportsUI;
		};
		1F5792762D7F05E2001637F4 /* PBXContainerItemProxy */ = {
			isa = PBXContainerItemProxy;
			containerPortal = 1F57924D2D7F05DF001637F4 /* Project object */;
			proxyType = 1;
			remoteGlobalIDString = 1F5792542D7F05DF001637F4;
			remoteInfo = AUB_SportsUI;
		};
/* End PBXContainerItemProxy section */

/* Begin PBXFileReference section */
		1F5792552D7F05DF001637F4 /* AUB_SportsUI.app */ = {isa = PBXFileReference; explicitFileType = wrapper.application; includeInIndex = 0; path = AUB_SportsUI.app; sourceTree = BUILT_PRODUCTS_DIR; };
		1F5792582D7F05DF001637F4 /* AppDelegate.swift */ = {isa = PBXFileReference; lastKnownFileType = sourcecode.swift; path = AppDelegate.swift; sourceTree = "<group>"; };
		1F57925A2D7F05DF001637F4 /* SceneDelegate.swift */ = {isa = PBXFileReference; lastKnownFileType = sourcecode.swift; path = SceneDelegate.swift; sourceTree = "<group>"; };
		1F57925C2D7F05DF001637F4 /* ViewController.swift */ = {isa = PBXFileReference; lastKnownFileType = sourcecode.swift; path = ViewController.swift; sourceTree = "<group>"; };
		1F57925F2D7F05DF001637F4 /* Base */ = {isa = PBXFileReference; lastKnownFileType = file.storyboard; name = Base; path = Base.lproj/Main.storyboard; sourceTree = "<group>"; };
		1F5792612D7F05E1001637F4 /* Assets.xcassets */ = {isa = PBXFileReference; lastKnownFileType = folder.assetcatalog; path = Assets.xcassets; sourceTree = "<group>"; };
		1F5792642D7F05E1001637F4 /* Base */ = {isa = PBXFileReference; lastKnownFileType = file.storyboard; name = Base; path = Base.lproj/LaunchScreen.storyboard; sourceTree = "<group>"; };
		1F5792662D7F05E1001637F4 /* Info.plist */ = {isa = PBXFileReference; lastKnownFileType = text.plist.xml; path = Info.plist; sourceTree = "<group>"; };
		1F57926B2D7F05E2001637F4 /* AUB_SportsUITests.xctest */ = {isa = PBXFileReference; explicitFileType = wrapper.cfbundle; includeInIndex = 0; path = AUB_SportsUITests.xctest; sourceTree = BUILT_PRODUCTS_DIR; };
		1F57926F2D7F05E2001637F4 /* AUB_SportsUITests.swift */ = {isa = PBXFileReference; lastKnownFileType = sourcecode.swift; path = AUB_SportsUITests.swift; sourceTree = "<group>"; };
		1F5792752D7F05E2001637F4 /* AUB_SportsUIUITests.xctest */ = {isa = PBXFileReference; explicitFileType = wrapper.cfbundle; includeInIndex = 0; path = AUB_SportsUIUITests.xctest; sourceTree = BUILT_PRODUCTS_DIR; };
		1F5792792D7F05E2001637F4 /* AUB_SportsUIUITests.swift */ = {isa = PBXFileReference; lastKnownFileType = sourcecode.swift; path = AUB_SportsUIUITests.swift; sourceTree = "<group>"; };
		1F57927B2D7F05E2001637F4 /* AUB_SportsUIUITestsLaunchTests.swift */ = {isa = PBXFileReference; lastKnownFileType = sourcecode.swift; path = AUB_SportsUIUITestsLaunchTests.swift; sourceTree = "<group>"; };
		1F57928A2D7F1125001637F4 /* AUB_MySports */ = {isa = PBXFileReference; lastKnownFileType = folder; name = AUB_MySports; path = ../..; sourceTree = "<group>"; };
		1F57928C2D7F1288001637F4 /* AUB_MySports */ = {isa = PBXFileReference; lastKnownFileType = folder; name = AUB_MySports; path = ../..; sourceTree = "<group>"; };
		1F5792942D8017ED001637F4 /* Padel bookins wireframe#1.png */ = {isa = PBXFileReference; lastKnownFileType = image.png; name = "Padel bookins wireframe#1.png"; path = "Wireframes_Designs/Padel bookins wireframe#1.png"; sourceTree = SOURCE_ROOT; };
		1F5792962D801810001637F4 /* Padel bookins wireframe#3.png */ = {isa = PBXFileReference; lastKnownFileType = image.png; name = "Padel bookins wireframe#3.png"; path = "Wireframes_Designs/Padel bookins wireframe#3.png"; sourceTree = SOURCE_ROOT; };
		1FC354BC2D80A56C008B0D3F /* Padel bookins wireframe#1a.png */ = {isa = PBXFileReference; lastKnownFileType = image.png; name = "Padel bookins wireframe#1a.png"; path = "Wireframes_Designs/Padel bookins wireframe#1a.png"; sourceTree = SOURCE_ROOT; };
/* End PBXFileReference section */

/* Begin PBXFrameworksBuildPhase section */
		1F5792522D7F05DF001637F4 /* Frameworks */ = {
			isa = PBXFrameworksBuildPhase;
			buildActionMask = 2147483647;
			files = (
			);
			runOnlyForDeploymentPostprocessing = 0;
		};
		1F5792682D7F05E2001637F4 /* Frameworks */ = {
			isa = PBXFrameworksBuildPhase;
			buildActionMask = 2147483647;
			files = (
			);
			runOnlyForDeploymentPostprocessing = 0;
		};
		1F5792722D7F05E2001637F4 /* Frameworks */ = {
			isa = PBXFrameworksBuildPhase;
			buildActionMask = 2147483647;
			files = (
			);
			runOnlyForDeploymentPostprocessing = 0;
		};
/* End PBXFrameworksBuildPhase section */

/* Begin PBXGroup section */
		1F57924C2D7F05DF001637F4 = {
			isa = PBXGroup;
			children = (
				1F5792572D7F05DF001637F4 /* AUB_SportsUI */,
				1F57926E2D7F05E2001637F4 /* AUB_SportsUITests */,
				1F5792782D7F05E2001637F4 /* AUB_SportsUIUITests */,
				1F5792562D7F05DF001637F4 /* Products */,
			);
			sourceTree = "<group>";
		};
		1F5792562D7F05DF001637F4 /* Products */ = {
			isa = PBXGroup;
			children = (
				1F5792552D7F05DF001637F4 /* AUB_SportsUI.app */,
				1F57926B2D7F05E2001637F4 /* AUB_SportsUITests.xctest */,
				1F5792752D7F05E2001637F4 /* AUB_SportsUIUITests.xctest */,
			);
			name = Products;
			sourceTree = "<group>";
		};
		1F5792572D7F05DF001637F4 /* AUB_SportsUI */ = {
			isa = PBXGroup;
			children = (
				1FC354BC2D80A56C008B0D3F /* Padel bookins wireframe#1a.png */,
				1F5792962D801810001637F4 /* Padel bookins wireframe#3.png */,
				1F5792942D8017ED001637F4 /* Padel bookins wireframe#1.png */,
				1F57928A2D7F1125001637F4 /* AUB_MySports */,
				1F57928C2D7F1288001637F4 /* AUB_MySports */,
				1F5792582D7F05DF001637F4 /* AppDelegate.swift */,
				1F57925A2D7F05DF001637F4 /* SceneDelegate.swift */,
				1F57925C2D7F05DF001637F4 /* ViewController.swift */,
				1F57925E2D7F05DF001637F4 /* Main.storyboard */,
				1F5792612D7F05E1001637F4 /* Assets.xcassets */,
				1F5792632D7F05E1001637F4 /* LaunchScreen.storyboard */,
				1F5792662D7F05E1001637F4 /* Info.plist */,
			);
			path = AUB_SportsUI;
			sourceTree = "<group>";
		};
		1F57926E2D7F05E2001637F4 /* AUB_SportsUITests */ = {
			isa = PBXGroup;
			children = (
				1F57926F2D7F05E2001637F4 /* AUB_SportsUITests.swift */,
			);
			path = AUB_SportsUITests;
			sourceTree = "<group>";
		};
		1F5792782D7F05E2001637F4 /* AUB_SportsUIUITests */ = {
			isa = PBXGroup;
			children = (
				1F5792792D7F05E2001637F4 /* AUB_SportsUIUITests.swift */,
				1F57927B2D7F05E2001637F4 /* AUB_SportsUIUITestsLaunchTests.swift */,
			);
			path = AUB_SportsUIUITests;
			sourceTree = "<group>";
		};
/* End PBXGroup section */

/* Begin PBXNativeTarget section */
		1F5792542D7F05DF001637F4 /* AUB_SportsUI */ = {
			isa = PBXNativeTarget;
			buildConfigurationList = 1F57927F2D7F05E2001637F4 /* Build configuration list for PBXNativeTarget "AUB_SportsUI" */;
			buildPhases = (
				1F5792512D7F05DF001637F4 /* Sources */,
				1F5792522D7F05DF001637F4 /* Frameworks */,
				1F5792532D7F05DF001637F4 /* Resources */,
			);
			buildRules = (
			);
			dependencies = (
			);
			name = AUB_SportsUI;
			productName = AUB_SportsUI;
			productReference = 1F5792552D7F05DF001637F4 /* AUB_SportsUI.app */;
			productType = "com.apple.product-type.application";
		};
		1F57926A2D7F05E2001637F4 /* AUB_SportsUITests */ = {
			isa = PBXNativeTarget;
			buildConfigurationList = 1F5792822D7F05E2001637F4 /* Build configuration list for PBXNativeTarget "AUB_SportsUITests" */;
			buildPhases = (
				1F5792672D7F05E2001637F4 /* Sources */,
				1F5792682D7F05E2001637F4 /* Frameworks */,
				1F5792692D7F05E2001637F4 /* Resources */,
			);
			buildRules = (
			);
			dependencies = (
				1F57926D2D7F05E2001637F4 /* PBXTargetDependency */,
			);
			name = AUB_SportsUITests;
			productName = AUB_SportsUITests;
			productReference = 1F57926B2D7F05E2001637F4 /* AUB_SportsUITests.xctest */;
			productType = "com.apple.product-type.bundle.unit-test";
		};
		1F5792742D7F05E2001637F4 /* AUB_SportsUIUITests */ = {
			isa = PBXNativeTarget;
			buildConfigurationList = 1F5792852D7F05E2001637F4 /* Build configuration list for PBXNativeTarget "AUB_SportsUIUITests" */;
			buildPhases = (
				1F5792712D7F05E2001637F4 /* Sources */,
				1F5792722D7F05E2001637F4 /* Frameworks */,
				1F5792732D7F05E2001637F4 /* Resources */,
			);
			buildRules = (
			);
			dependencies = (
				1F5792772D7F05E2001637F4 /* PBXTargetDependency */,
			);
			name = AUB_SportsUIUITests;
			productName = AUB_SportsUIUITests;
			productReference = 1F5792752D7F05E2001637F4 /* AUB_SportsUIUITests.xctest */;
			productType = "com.apple.product-type.bundle.ui-testing";
		};
/* End PBXNativeTarget section */

/* Begin PBXProject section */
		1F57924D2D7F05DF001637F4 /* Project object */ = {
			isa = PBXProject;
			attributes = {
				BuildIndependentTargetsInParallel = 1;
				LastSwiftUpdateCheck = 1430;
				LastUpgradeCheck = 1430;
				TargetAttributes = {
					1F5792542D7F05DF001637F4 = {
						CreatedOnToolsVersion = 14.3.1;
					};
					1F57926A2D7F05E2001637F4 = {
						CreatedOnToolsVersion = 14.3.1;
						TestTargetID = 1F5792542D7F05DF001637F4;
					};
					1F5792742D7F05E2001637F4 = {
						CreatedOnToolsVersion = 14.3.1;
						TestTargetID = 1F5792542D7F05DF001637F4;
					};
				};
			};
			buildConfigurationList = 1F5792502D7F05DF001637F4 /* Build configuration list for PBXProject "AUB_SportsUI" */;
			compatibilityVersion = "Xcode 14.0";
			developmentRegion = en;
			hasScannedForEncodings = 0;
			knownRegions = (
				en,
				Base,
			);
			mainGroup = 1F57924C2D7F05DF001637F4;
			productRefGroup = 1F5792562D7F05DF001637F4 /* Products */;
			projectDirPath = "";
			projectRoot = "";
			targets = (
				1F5792542D7F05DF001637F4 /* AUB_SportsUI */,
				1F57926A2D7F05E2001637F4 /* AUB_SportsUITests */,
				1F5792742D7F05E2001637F4 /* AUB_SportsUIUITests */,
			);
		};
/* End PBXProject section */

/* Begin PBXResourcesBuildPhase section */
		1F5792532D7F05DF001637F4 /* Resources */ = {
			isa = PBXResourcesBuildPhase;
			buildActionMask = 2147483647;
			files = (
				1F57928B2D7F1125001637F4 /* AUB_MySports in Resources */,
				1F5792652D7F05E1001637F4 /* LaunchScreen.storyboard in Resources */,
				1F57928D2D7F1288001637F4 /* AUB_MySports in Resources */,
				1FC354BD2D80A56C008B0D3F /* Padel bookins wireframe#1a.png in Resources */,
				1F5792952D8017ED001637F4 /* Padel bookins wireframe#1.png in Resources */,
				1F5792622D7F05E1001637F4 /* Assets.xcassets in Resources */,
				1F5792602D7F05DF001637F4 /* Main.storyboard in Resources */,
				1F5792972D801810001637F4 /* Padel bookins wireframe#3.png in Resources */,
			);
			runOnlyForDeploymentPostprocessing = 0;
		};
		1F5792692D7F05E2001637F4 /* Resources */ = {
			isa = PBXResourcesBuildPhase;
			buildActionMask = 2147483647;
			files = (
			);
			runOnlyForDeploymentPostprocessing = 0;
		};
		1F5792732D7F05E2001637F4 /* Resources */ = {
			isa = PBXResourcesBuildPhase;
			buildActionMask = 2147483647;
			files = (
			);
			runOnlyForDeploymentPostprocessing = 0;
		};
/* End PBXResourcesBuildPhase section */

/* Begin PBXSourcesBuildPhase section */
		1F5792512D7F05DF001637F4 /* Sources */ = {
			isa = PBXSourcesBuildPhase;
			buildActionMask = 2147483647;
			files = (
				1F57925D2D7F05DF001637F4 /* ViewController.swift in Sources */,
				1F5792592D7F05DF001637F4 /* AppDelegate.swift in Sources */,
				1F57925B2D7F05DF001637F4 /* SceneDelegate.swift in Sources */,
			);
			runOnlyForDeploymentPostprocessing = 0;
		};
		1F5792672D7F05E2001637F4 /* Sources */ = {
			isa = PBXSourcesBuildPhase;
			buildActionMask = 2147483647;
			files = (
				1F5792702D7F05E2001637F4 /* AUB_SportsUITests.swift in Sources */,
			);
			runOnlyForDeploymentPostprocessing = 0;
		};
		1F5792712D7F05E2001637F4 /* Sources */ = {
			isa = PBXSourcesBuildPhase;
			buildActionMask = 2147483647;
			files = (
				1F57927C2D7F05E2001637F4 /* AUB_SportsUIUITestsLaunchTests.swift in Sources */,
				1F57927A2D7F05E2001637F4 /* AUB_SportsUIUITests.swift in Sources */,
			);
			runOnlyForDeploymentPostprocessing = 0;
		};
/* End PBXSourcesBuildPhase section */

/* Begin PBXTargetDependency section */
		1F57926D2D7F05E2001637F4 /* PBXTargetDependency */ = {
			isa = PBXTargetDependency;
			target = 1F5792542D7F05DF001637F4 /* AUB_SportsUI */;
			targetProxy = 1F57926C2D7F05E2001637F4 /* PBXContainerItemProxy */;
		};
		1F5792772D7F05E2001637F4 /* PBXTargetDependency */ = {
			isa = PBXTargetDependency;
			target = 1F5792542D7F05DF001637F4 /* AUB_SportsUI */;
			targetProxy = 1F5792762D7F05E2001637F4 /* PBXContainerItemProxy */;
		};
/* End PBXTargetDependency section */

/* Begin PBXVariantGroup section */
		1F57925E2D7F05DF001637F4 /* Main.storyboard */ = {
			isa = PBXVariantGroup;
			children = (
				1F57925F2D7F05DF001637F4 /* Base */,
			);
			name = Main.storyboard;
			sourceTree = "<group>";
		};
		1F5792632D7F05E1001637F4 /* LaunchScreen.storyboard */ = {
			isa = PBXVariantGroup;
			children = (
				1F5792642D7F05E1001637F4 /* Base */,
			);
			name = LaunchScreen.storyboard;
			sourceTree = "<group>";
		};
/* End PBXVariantGroup section */

/* Begin XCBuildConfiguration section */
		1F57927D2D7F05E2001637F4 /* Debug */ = {
			isa = XCBuildConfiguration;
			buildSettings = {
				ALWAYS_SEARCH_USER_PATHS = NO;
				CLANG_ANALYZER_NONNULL = YES;
				CLANG_ANALYZER_NUMBER_OBJECT_CONVERSION = YES_AGGRESSIVE;
				CLANG_CXX_LANGUAGE_STANDARD = "gnu++20";
				CLANG_ENABLE_MODULES = YES;
				CLANG_ENABLE_OBJC_ARC = YES;
				CLANG_ENABLE_OBJC_WEAK = YES;
				CLANG_WARN_BLOCK_CAPTURE_AUTORELEASING = YES;
				CLANG_WARN_BOOL_CONVERSION = YES;
				CLANG_WARN_COMMA = YES;
				CLANG_WARN_CONSTANT_CONVERSION = YES;
				CLANG_WARN_DEPRECATED_OBJC_IMPLEMENTATIONS = YES;
				CLANG_WARN_DIRECT_OBJC_ISA_USAGE = YES_ERROR;
				CLANG_WARN_DOCUMENTATION_COMMENTS = YES;
				CLANG_WARN_EMPTY_BODY = YES;
				CLANG_WARN_ENUM_CONVERSION = YES;
				CLANG_WARN_INFINITE_RECURSION = YES;
				CLANG_WARN_INT_CONVERSION = YES;
				CLANG_WARN_NON_LITERAL_NULL_CONVERSION = YES;
				CLANG_WARN_OBJC_IMPLICIT_RETAIN_SELF = YES;
				CLANG_WARN_OBJC_LITERAL_CONVERSION = YES;
				CLANG_WARN_OBJC_ROOT_CLASS = YES_ERROR;
				CLANG_WARN_QUOTED_INCLUDE_IN_FRAMEWORK_HEADER = YES;
				CLANG_WARN_RANGE_LOOP_ANALYSIS = YES;
				CLANG_WARN_STRICT_PROTOTYPES = YES;
				CLANG_WARN_SUSPICIOUS_MOVE = YES;
				CLANG_WARN_UNGUARDED_AVAILABILITY = YES_AGGRESSIVE;
				CLANG_WARN_UNREACHABLE_CODE = YES;
				CLANG_WARN__DUPLICATE_METHOD_MATCH = YES;
				COPY_PHASE_STRIP = NO;
				DEBUG_INFORMATION_FORMAT = dwarf;
				ENABLE_STRICT_OBJC_MSGSEND = YES;
				ENABLE_TESTABILITY = YES;
				GCC_C_LANGUAGE_STANDARD = gnu11;
				GCC_DYNAMIC_NO_PIC = NO;
				GCC_NO_COMMON_BLOCKS = YES;
				GCC_OPTIMIZATION_LEVEL = 0;
				GCC_PREPROCESSOR_DEFINITIONS = (
					"DEBUG=1",
					"$(inherited)",
				);
				GCC_WARN_64_TO_32_BIT_CONVERSION = YES;
				GCC_WARN_ABOUT_RETURN_TYPE = YES_ERROR;
				GCC_WARN_UNDECLARED_SELECTOR = YES;
				GCC_WARN_UNINITIALIZED_AUTOS = YES_AGGRESSIVE;
				GCC_WARN_UNUSED_FUNCTION = YES;
				GCC_WARN_UNUSED_VARIABLE = YES;
				IPHONEOS_DEPLOYMENT_TARGET = 16.4;
				MTL_ENABLE_DEBUG_INFO = INCLUDE_SOURCE;
				MTL_FAST_MATH = YES;
				ONLY_ACTIVE_ARCH = YES;
				SDKROOT = iphoneos;
				SWIFT_ACTIVE_COMPILATION_CONDITIONS = DEBUG;
				SWIFT_OPTIMIZATION_LEVEL = "-Onone";
			};
			name = Debug;
		};
		1F57927E2D7F05E2001637F4 /* Release */ = {
			isa = XCBuildConfiguration;
			buildSettings = {
				ALWAYS_SEARCH_USER_PATHS = NO;
				CLANG_ANALYZER_NONNULL = YES;
				CLANG_ANALYZER_NUMBER_OBJECT_CONVERSION = YES_AGGRESSIVE;
				CLANG_CXX_LANGUAGE_STANDARD = "gnu++20";
				CLANG_ENABLE_MODULES = YES;
				CLANG_ENABLE_OBJC_ARC = YES;
				CLANG_ENABLE_OBJC_WEAK = YES;
				CLANG_WARN_BLOCK_CAPTURE_AUTORELEASING = YES;
				CLANG_WARN_BOOL_CONVERSION = YES;
				CLANG_WARN_COMMA = YES;
				CLANG_WARN_CONSTANT_CONVERSION = YES;
				CLANG_WARN_DEPRECATED_OBJC_IMPLEMENTATIONS = YES;
				CLANG_WARN_DIRECT_OBJC_ISA_USAGE = YES_ERROR;
				CLANG_WARN_DOCUMENTATION_COMMENTS = YES;
				CLANG_WARN_EMPTY_BODY = YES;
				CLANG_WARN_ENUM_CONVERSION = YES;
				CLANG_WARN_INFINITE_RECURSION = YES;
				CLANG_WARN_INT_CONVERSION = YES;
				CLANG_WARN_NON_LITERAL_NULL_CONVERSION = YES;
				CLANG_WARN_OBJC_IMPLICIT_RETAIN_SELF = YES;
				CLANG_WARN_OBJC_LITERAL_CONVERSION = YES;
				CLANG_WARN_OBJC_ROOT_CLASS = YES_ERROR;
				CLANG_WARN_QUOTED_INCLUDE_IN_FRAMEWORK_HEADER = YES;
				CLANG_WARN_RANGE_LOOP_ANALYSIS = YES;
				CLANG_WARN_STRICT_PROTOTYPES = YES;
				CLANG_WARN_SUSPICIOUS_MOVE = YES;
				CLANG_WARN_UNGUARDED_AVAILABILITY = YES_AGGRESSIVE;
				CLANG_WARN_UNREACHABLE_CODE = YES;
				CLANG_WARN__DUPLICATE_METHOD_MATCH = YES;
				COPY_PHASE_STRIP = NO;
				DEBUG_INFORMATION_FORMAT = "dwarf-with-dsym";
				ENABLE_NS_ASSERTIONS = NO;
				ENABLE_STRICT_OBJC_MSGSEND = YES;
				GCC_C_LANGUAGE_STANDARD = gnu11;
				GCC_NO_COMMON_BLOCKS = YES;
				GCC_WARN_64_TO_32_BIT_CONVERSION = YES;
				GCC_WARN_ABOUT_RETURN_TYPE = YES_ERROR;
				GCC_WARN_UNDECLARED_SELECTOR = YES;
				GCC_WARN_UNINITIALIZED_AUTOS = YES_AGGRESSIVE;
				GCC_WARN_UNUSED_FUNCTION = YES;
				GCC_WARN_UNUSED_VARIABLE = YES;
				IPHONEOS_DEPLOYMENT_TARGET = 16.4;
				MTL_ENABLE_DEBUG_INFO = NO;
				MTL_FAST_MATH = YES;
				SDKROOT = iphoneos;
				SWIFT_COMPILATION_MODE = wholemodule;
				SWIFT_OPTIMIZATION_LEVEL = "-O";
				VALIDATE_PRODUCT = YES;
			};
			name = Release;
		};
		1F5792802D7F05E2001637F4 /* Debug */ = {
			isa = XCBuildConfiguration;
			buildSettings = {
				ASSETCATALOG_COMPILER_APPICON_NAME = AppIcon;
				ASSETCATALOG_COMPILER_GLOBAL_ACCENT_COLOR_NAME = AccentColor;
				CODE_SIGN_STYLE = Automatic;
				CURRENT_PROJECT_VERSION = 1;
				DEVELOPMENT_TEAM = 7LDS2398SH;
				GENERATE_INFOPLIST_FILE = YES;
				INFOPLIST_FILE = AUB_SportsUI/Info.plist;
				INFOPLIST_KEY_UIApplicationSupportsIndirectInputEvents = YES;
				INFOPLIST_KEY_UILaunchStoryboardName = LaunchScreen;
				INFOPLIST_KEY_UIMainStoryboardFile = Main;
				INFOPLIST_KEY_UISupportedInterfaceOrientations_iPad = "UIInterfaceOrientationPortrait UIInterfaceOrientationPortraitUpsideDown UIInterfaceOrientationLandscapeLeft UIInterfaceOrientationLandscapeRight";
				INFOPLIST_KEY_UISupportedInterfaceOrientations_iPhone = "UIInterfaceOrientationPortrait UIInterfaceOrientationLandscapeLeft UIInterfaceOrientationLandscapeRight";
				LD_RUNPATH_SEARCH_PATHS = (
					"$(inherited)",
					"@executable_path/Frameworks",
				);
				MARKETING_VERSION = 1.0;
				PRODUCT_BUNDLE_IDENTIFIER = "com.anageno.AUB-SportsUI";
				PRODUCT_NAME = "$(TARGET_NAME)";
				SWIFT_EMIT_LOC_STRINGS = YES;
				SWIFT_VERSION = 5.0;
				TARGETED_DEVICE_FAMILY = "1,2";
			};
			name = Debug;
		};
		1F5792812D7F05E2001637F4 /* Release */ = {
			isa = XCBuildConfiguration;
			buildSettings = {
				ASSETCATALOG_COMPILER_APPICON_NAME = AppIcon;
				ASSETCATALOG_COMPILER_GLOBAL_ACCENT_COLOR_NAME = AccentColor;
				CODE_SIGN_STYLE = Automatic;
				CURRENT_PROJECT_VERSION = 1;
				DEVELOPMENT_TEAM = 7LDS2398SH;
				GENERATE_INFOPLIST_FILE = YES;
				INFOPLIST_FILE = AUB_SportsUI/Info.plist;
				INFOPLIST_KEY_UIApplicationSupportsIndirectInputEvents = YES;
				INFOPLIST_KEY_UILaunchStoryboardName = LaunchScreen;
				INFOPLIST_KEY_UIMainStoryboardFile = Main;
				INFOPLIST_KEY_UISupportedInterfaceOrientations_iPad = "UIInterfaceOrientationPortrait UIInterfaceOrientationPortraitUpsideDown UIInterfaceOrientationLandscapeLeft UIInterfaceOrientationLandscapeRight";
				INFOPLIST_KEY_UISupportedInterfaceOrientations_iPhone = "UIInterfaceOrientationPortrait UIInterfaceOrientationLandscapeLeft UIInterfaceOrientationLandscapeRight";
				LD_RUNPATH_SEARCH_PATHS = (
					"$(inherited)",
					"@executable_path/Frameworks",
				);
				MARKETING_VERSION = 1.0;
				PRODUCT_BUNDLE_IDENTIFIER = "com.anageno.AUB-SportsUI";
				PRODUCT_NAME = "$(TARGET_NAME)";
				SWIFT_EMIT_LOC_STRINGS = YES;
				SWIFT_VERSION = 5.0;
				TARGETED_DEVICE_FAMILY = "1,2";
			};
			name = Release;
		};
		1F5792832D7F05E2001637F4 /* Debug */ = {
			isa = XCBuildConfiguration;
			buildSettings = {
				ALWAYS_EMBED_SWIFT_STANDARD_LIBRARIES = YES;
				BUNDLE_LOADER = "$(TEST_HOST)";
				CODE_SIGN_STYLE = Automatic;
				CURRENT_PROJECT_VERSION = 1;
				DEVELOPMENT_TEAM = 7LDS2398SH;
				GENERATE_INFOPLIST_FILE = YES;
				IPHONEOS_DEPLOYMENT_TARGET = 16.4;
				MARKETING_VERSION = 1.0;
				PRODUCT_BUNDLE_IDENTIFIER = "com.anageno.AUB-SportsUITests";
				PRODUCT_NAME = "$(TARGET_NAME)";
				SWIFT_EMIT_LOC_STRINGS = NO;
				SWIFT_VERSION = 5.0;
				TARGETED_DEVICE_FAMILY = "1,2";
				TEST_HOST = "$(BUILT_PRODUCTS_DIR)/AUB_SportsUI.app/$(BUNDLE_EXECUTABLE_FOLDER_PATH)/AUB_SportsUI";
			};
			name = Debug;
		};
		1F5792842D7F05E2001637F4 /* Release */ = {
			isa = XCBuildConfiguration;
			buildSettings = {
				ALWAYS_EMBED_SWIFT_STANDARD_LIBRARIES = YES;
				BUNDLE_LOADER = "$(TEST_HOST)";
				CODE_SIGN_STYLE = Automatic;
				CURRENT_PROJECT_VERSION = 1;
				DEVELOPMENT_TEAM = 7LDS2398SH;
				GENERATE_INFOPLIST_FILE = YES;
				IPHONEOS_DEPLOYMENT_TARGET = 16.4;
				MARKETING_VERSION = 1.0;
				PRODUCT_BUNDLE_IDENTIFIER = "com.anageno.AUB-SportsUITests";
				PRODUCT_NAME = "$(TARGET_NAME)";
				SWIFT_EMIT_LOC_STRINGS = NO;
				SWIFT_VERSION = 5.0;
				TARGETED_DEVICE_FAMILY = "1,2";
				TEST_HOST = "$(BUILT_PRODUCTS_DIR)/AUB_SportsUI.app/$(BUNDLE_EXECUTABLE_FOLDER_PATH)/AUB_SportsUI";
			};
			name = Release;
		};
		1F5792862D7F05E2001637F4 /* Debug */ = {
			isa = XCBuildConfiguration;
			buildSettings = {
				ALWAYS_EMBED_SWIFT_STANDARD_LIBRARIES = YES;
				CODE_SIGN_STYLE = Automatic;
				CURRENT_PROJECT_VERSION = 1;
				DEVELOPMENT_TEAM = 7LDS2398SH;
				GENERATE_INFOPLIST_FILE = YES;
				MARKETING_VERSION = 1.0;
				PRODUCT_BUNDLE_IDENTIFIER = "com.anageno.AUB-SportsUIUITests";
				PRODUCT_NAME = "$(TARGET_NAME)";
				SWIFT_EMIT_LOC_STRINGS = NO;
				SWIFT_VERSION = 5.0;
				TARGETED_DEVICE_FAMILY = "1,2";
				TEST_TARGET_NAME = AUB_SportsUI;
			};
			name = Debug;
		};
		1F5792872D7F05E2001637F4 /* Release */ = {
			isa = XCBuildConfiguration;
			buildSettings = {
				ALWAYS_EMBED_SWIFT_STANDARD_LIBRARIES = YES;
				CODE_SIGN_STYLE = Automatic;
				CURRENT_PROJECT_VERSION = 1;
				DEVELOPMENT_TEAM = 7LDS2398SH;
				GENERATE_INFOPLIST_FILE = YES;
				MARKETING_VERSION = 1.0;
				PRODUCT_BUNDLE_IDENTIFIER = "com.anageno.AUB-SportsUIUITests";
				PRODUCT_NAME = "$(TARGET_NAME)";
				SWIFT_EMIT_LOC_STRINGS = NO;
				SWIFT_VERSION = 5.0;
				TARGETED_DEVICE_FAMILY = "1,2";
				TEST_TARGET_NAME = AUB_SportsUI;
			};
			name = Release;
		};
/* End XCBuildConfiguration section */

/* Begin XCConfigurationList section */
		1F5792502D7F05DF001637F4 /* Build configuration list for PBXProject "AUB_SportsUI" */ = {
			isa = XCConfigurationList;
			buildConfigurations = (
				1F57927D2D7F05E2001637F4 /* Debug */,
				1F57927E2D7F05E2001637F4 /* Release */,
			);
			defaultConfigurationIsVisible = 0;
			defaultConfigurationName = Release;
		};
		1F57927F2D7F05E2001637F4 /* Build configuration list for PBXNativeTarget "AUB_SportsUI" */ = {
			isa = XCConfigurationList;
			buildConfigurations = (
				1F5792802D7F05E2001637F4 /* Debug */,
				1F5792812D7F05E2001637F4 /* Release */,
			);
			defaultConfigurationIsVisible = 0;
			defaultConfigurationName = Release;
		};
		1F5792822D7F05E2001637F4 /* Build configuration list for PBXNativeTarget "AUB_SportsUITests" */ = {
			isa = XCConfigurationList;
			buildConfigurations = (
				1F5792832D7F05E2001637F4 /* Debug */,
				1F5792842D7F05E2001637F4 /* Release */,
			);
			defaultConfigurationIsVisible = 0;
			defaultConfigurationName = Release;
		};
		1F5792852D7F05E2001637F4 /* Build configuration list for PBXNativeTarget "AUB_SportsUIUITests" */ = {
			isa = XCConfigurationList;
			buildConfigurations = (
				1F5792862D7F05E2001637F4 /* Debug */,
				1F5792872D7F05E2001637F4 /* Release */,
			);
			defaultConfigurationIsVisible = 0;
			defaultConfigurationName = Release;
		};
/* End XCConfigurationList section */
	};
	rootObject = 1F57924D2D7F05DF001637F4 /* Project object */;
}
